
Microsoft Visual Studio Solution File, Format Version 12.00
# Visual Studio Version 17
VisualStudioVersion = 17.5.33414.496
MinimumVisualStudioVersion = 10.0.40219.1
Project("{888888A0-9F3D-457C-B088-3A5042F75D52}") = "NLP Chatbot", "NLP Chatbot.pyproj", "{D63DAE66-277F-481A-BFF0-0C7AFEB0C245}"
EndProject
Global
	GlobalSection(SolutionConfigurationPlatforms) = preSolution
		Debug|Any CPU = Debug|Any CPU
		Release|Any CPU = Release|Any CPU
	EndGlobalSection
	GlobalSection(ProjectConfigurationPlatforms) = postSolution
		{D63DAE66-277F-481A-BFF0-0C7AFEB0C245}.Debug|Any CPU.ActiveCfg = Debug|Any CPU
		{D63DAE66-277F-481A-BFF0-0C7AFEB0C245}.Release|Any CPU.ActiveCfg = Release|Any CPU
	EndGlobalSection
	GlobalSection(SolutionProperties) = preSolution
		HideSolutionNode = FALSE
	EndGlobalSection
	GlobalSection(ExtensibilityGlobals) = postSolution
		SolutionGuid = {C197C54C-EEA0-46E4-B345-F25F83CEE1F2}
	EndGlobalSection
EndGlobal
